
Microsoft Visual Studio Solution File, Format Version 12.00
# Visual Studio Version 16
VisualStudioVersion = 16.0.30611.23
MinimumVisualStudioVersion = 10.0.40219.1
Project("{FAE04EC0-301F-11D3-BF4B-00C04F79EFBC}") = "isrpo-2", "isrpo-2\isrpo-2.csproj", "{0D007F3F-2D40-43DC-ABD4-3D1C875BC58B}"
EndProject
Global
	GlobalSection(SolutionConfigurationPlatforms) = preSolution
		Debug|Any CPU = Debug|Any CPU
		Release|Any CPU = Release|Any CPU
	EndGlobalSection
	GlobalSection(ProjectConfigurationPlatforms) = postSolution
		{0D007F3F-2D40-43DC-ABD4-3D1C875BC58B}.Debug|Any CPU.ActiveCfg = Debug|Any CPU
		{0D007F3F-2D40-43DC-ABD4-3D1C875BC58B}.Debug|Any CPU.Build.0 = Debug|Any CPU
		{0D007F3F-2D40-43DC-ABD4-3D1C875BC58B}.Release|Any CPU.ActiveCfg = Release|Any CPU
		{0D007F3F-2D40-43DC-ABD4-3D1C875BC58B}.Release|Any CPU.Build.0 = Release|Any CPU
	EndGlobalSection
	GlobalSection(SolutionProperties) = preSolution
		HideSolutionNode = FALSE
	EndGlobalSection
	GlobalSection(ExtensibilityGlobals) = postSolution
		SolutionGuid = {F83F3073-215B-4044-819C-A1DFACA4E190}
	EndGlobalSection
EndGlobal
